
Microsoft Visual Studio Solution File, Format Version 12.00
# Visual Studio Version 17
VisualStudioVersion = 17.0.31912.275
MinimumVisualStudioVersion = 10.0.40219.1
Project("{9A19103F-16F7-4668-BE54-9A1E7A4F7556}") = "CoreEscuela", "CoreEscuela.csproj", "{A6E6F0C1-43C1-41E6-91AB-B513B6ABF335}"
EndProject
Global
	GlobalSection(SolutionConfigurationPlatforms) = preSolution
		Debug|Any CPU = Debug|Any CPU
		Debug|x64 = Debug|x64
		Release|Any CPU = Release|Any CPU
		Release|x64 = Release|x64
	EndGlobalSection
	GlobalSection(ProjectConfigurationPlatforms) = postSolution
		{A6E6F0C1-43C1-41E6-91AB-B513B6ABF335}.Debug|Any CPU.ActiveCfg = Debug|Any CPU
		{A6E6F0C1-43C1-41E6-91AB-B513B6ABF335}.Debug|Any CPU.Build.0 = Debug|Any CPU
		{A6E6F0C1-43C1-41E6-91AB-B513B6ABF335}.Debug|x64.ActiveCfg = Debug|x64
		{A6E6F0C1-43C1-41E6-91AB-B513B6ABF335}.Debug|x64.Build.0 = Debug|x64
		{A6E6F0C1-43C1-41E6-91AB-B513B6ABF335}.Release|Any CPU.ActiveCfg = Release|Any CPU
		{A6E6F0C1-43C1-41E6-91AB-B513B6ABF335}.Release|Any CPU.Build.0 = Release|Any CPU
		{A6E6F0C1-43C1-41E6-91AB-B513B6ABF335}.Release|x64.ActiveCfg = Release|x64
		{A6E6F0C1-43C1-41E6-91AB-B513B6ABF335}.Release|x64.Build.0 = Release|x64
	EndGlobalSection
	GlobalSection(SolutionProperties) = preSolution
		HideSolutionNode = FALSE
	EndGlobalSection
	GlobalSection(ExtensibilityGlobals) = postSolution
		SolutionGuid = {20ED3116-9BE5-4749-9C09-BA936E88ADA2}
	EndGlobalSection
EndGlobal
